{
    "_readme": [
        "This file locks the dependencies of your project to a known state",
        "Read more about it at http://getcomposer.org/doc/01-basic-usage.md#composer-lock-the-lock-file",
        "This file is @generated automatically"
    ],
    "hash": "541de309a93cdd8e8638ba27da2c6320",
    "packages": [
        {
            "name": "acp3/composer-installer",
            "version": "0.1.2",
            "source": {
                "type": "git",
                "url": "https://github.com/ACP3/composer-installer.git",
                "reference": "d44e0f2f68f6e6558fb3cede8aef059373351a85"
            },
            "dist": {
                "type": "zip",
                "url": "https://api.github.com/repos/ACP3/composer-installer/zipball/d44e0f2f68f6e6558fb3cede8aef059373351a85",
                "reference": "d44e0f2f68f6e6558fb3cede8aef059373351a85",
                "shasum": ""
            },
            "require": {
                "composer-plugin-api": "1.0.0"
            },
            "require-dev": {
                "composer/composer": "1.0.*@dev"
            },
            "type": "composer-plugin",
            "extra": {
                "class": "ACP3\\Composer\\Installer\\Plugin"
            },
            "autoload": {
                "psr-0": {
                    "ACP3\\Composer": "src/"
                }
            },
            "notification-url": "https://packagist.org/downloads/",
            "license": [
                "GPL"
            ],
            "authors": [
                {
                    "name": "Tino Goratsch",
                    "email": "mail@acp3-cms.net"
                }
            ],
            "description": "Adds a custom installer to Composer so that it can install ACP3 modules into the right location.",
            "time": "2015-03-16 21:04:16"
        },
        {
            "name": "tinymce/tinymce",
            "version": "4.1.9",
            "source": {
                "type": "git",
                "url": "https://github.com/tinymce/tinymce-dist.git",
                "reference": "0c25116c95fe26532e04708c495ec047e7e5acc5"
            },
            "dist": {
                "type": "zip",
                "url": "https://api.github.com/repos/tinymce/tinymce-dist/zipball/0c25116c95fe26532e04708c495ec047e7e5acc5",
                "reference": "0c25116c95fe26532e04708c495ec047e7e5acc5",
                "shasum": ""
            },
            "type": "component",
            "extra": {
                "component": {
                    "scripts": [
                        "tinymce.js",
                        "plugins/*/plugin.js",
                        "themes/*/theme.js"
                    ],
                    "files": [
                        "tinymce.min.js",
                        "plugins/*/plugin.min.js",
                        "themes/*/theme.min.js",
                        "skins/**"
                    ]
                }
            },
            "notification-url": "https://packagist.org/downloads/",
            "license": [
                "LGPL-2.1"
            ],
            "description": "Web based JavaScript HTML WYSIWYG editor control.",
            "homepage": "http://www.tinymce.com",
            "keywords": [
                "editor",
                "html",
                "javascript",
                "richtext",
                "tinymce",
                "wysiwyg"
            ],
            "time": "2015-03-10 12:20:06"
        }
    ],
    "packages-dev": [],
    "aliases": [],
    "minimum-stability": "stable",
    "stability-flags": [],
    "prefer-stable": false,
    "prefer-lowest": false,
    "platform": [],
    "platform-dev": []
}
